
Microsoft Visual Studio Solution File, Format Version 12.00
# Visual Studio 15
VisualStudioVersion = 15.0.26124.0
MinimumVisualStudioVersion = 15.0.26124.0
Project("{2150E333-8FDC-42A3-9474-1A3956D46DE8}") = "src", "src", "{7B665830-3BB6-4435-B012-AECA26F5F940}"
EndProject
Project("{FAE04EC0-301F-11D3-BF4B-00C04F79EFBC}") = "ExampleProject", "src\ExampleProject\ExampleProject.csproj", "{C055BB12-1898-4476-BE11-B03A7AC3068F}"
EndProject
Project("{2150E333-8FDC-42A3-9474-1A3956D46DE8}") = "tests", "tests", "{E50D873D-8624-460E-9AD7-31C158C22519}"
EndProject
Project("{FAE04EC0-301F-11D3-BF4B-00C04F79EFBC}") = "ExampleProject.Tests", "tests\ExampleProject.Tests\ExampleProject.Tests.csproj", "{F1AAB46B-7091-461F-9E4A-8A0DE7CD670B}"
EndProject
Global
	GlobalSection(SolutionProperties) = preSolution
		HideSolutionNode = FALSE
	EndGlobalSection
	GlobalSection(SolutionConfigurationPlatforms) = preSolution
		Debug|Any CPU = Debug|Any CPU
		Debug|x64 = Debug|x64
		Debug|x86 = Debug|x86
		Release|Any CPU = Release|Any CPU
		Release|x64 = Release|x64
		Release|x86 = Release|x86
	EndGlobalSection
	GlobalSection(ProjectConfigurationPlatforms) = postSolution
		{C055BB12-1898-4476-BE11-B03A7AC3068F}.Debug|Any CPU.ActiveCfg = Debug|Any CPU
		{C055BB12-1898-4476-BE11-B03A7AC3068F}.Debug|Any CPU.Build.0 = Debug|Any CPU
		{C055BB12-1898-4476-BE11-B03A7AC3068F}.Debug|x64.ActiveCfg = Debug|Any CPU
		{C055BB12-1898-4476-BE11-B03A7AC3068F}.Debug|x64.Build.0 = Debug|Any CPU
		{C055BB12-1898-4476-BE11-B03A7AC3068F}.Debug|x86.ActiveCfg = Debug|Any CPU
		{C055BB12-1898-4476-BE11-B03A7AC3068F}.Debug|x86.Build.0 = Debug|Any CPU
		{C055BB12-1898-4476-BE11-B03A7AC3068F}.Release|Any CPU.ActiveCfg = Release|Any CPU
		{C055BB12-1898-4476-BE11-B03A7AC3068F}.Release|Any CPU.Build.0 = Release|Any CPU
		{C055BB12-1898-4476-BE11-B03A7AC3068F}.Release|x64.ActiveCfg = Release|Any CPU
		{C055BB12-1898-4476-BE11-B03A7AC3068F}.Release|x64.Build.0 = Release|Any CPU
		{C055BB12-1898-4476-BE11-B03A7AC3068F}.Release|x86.ActiveCfg = Release|Any CPU
		{C055BB12-1898-4476-BE11-B03A7AC3068F}.Release|x86.Build.0 = Release|Any CPU
		{F1AAB46B-7091-461F-9E4A-8A0DE7CD670B}.Debug|Any CPU.ActiveCfg = Debug|Any CPU
		{F1AAB46B-7091-461F-9E4A-8A0DE7CD670B}.Debug|Any CPU.Build.0 = Debug|Any CPU
		{F1AAB46B-7091-461F-9E4A-8A0DE7CD670B}.Debug|x64.ActiveCfg = Debug|Any CPU
		{F1AAB46B-7091-461F-9E4A-8A0DE7CD670B}.Debug|x64.Build.0 = Debug|Any CPU
		{F1AAB46B-7091-461F-9E4A-8A0DE7CD670B}.Debug|x86.ActiveCfg = Debug|Any CPU
		{F1AAB46B-7091-461F-9E4A-8A0DE7CD670B}.Debug|x86.Build.0 = Debug|Any CPU
		{F1AAB46B-7091-461F-9E4A-8A0DE7CD670B}.Release|Any CPU.ActiveCfg = Release|Any CPU
		{F1AAB46B-7091-461F-9E4A-8A0DE7CD670B}.Release|Any CPU.Build.0 = Release|Any CPU
		{F1AAB46B-7091-461F-9E4A-8A0DE7CD670B}.Release|x64.ActiveCfg = Release|Any CPU
		{F1AAB46B-7091-461F-9E4A-8A0DE7CD670B}.Release|x64.Build.0 = Release|Any CPU
		{F1AAB46B-7091-461F-9E4A-8A0DE7CD670B}.Release|x86.ActiveCfg = Release|Any CPU
		{F1AAB46B-7091-461F-9E4A-8A0DE7CD670B}.Release|x86.Build.0 = Release|Any CPU
	EndGlobalSection
	GlobalSection(NestedProjects) = preSolution
		{C055BB12-1898-4476-BE11-B03A7AC3068F} = {7B665830-3BB6-4435-B012-AECA26F5F940}
		{F1AAB46B-7091-461F-9E4A-8A0DE7CD670B} = {E50D873D-8624-460E-9AD7-31C158C22519}
	EndGlobalSection
EndGlobal
